{
  "name": "access-conformance",
  "version": "0.1.0",
  "lockfileVersion": 3,
  "requires": true,
  "packages": {
    "": {
      "name": "access-conformance",
      "version": "0.1.0",
      "license": "MIT",
      "dependencies": {
        "@designesy/read-along": "^0.2.2",
        "access-input": "^0.4.0",
        "neural-consent": "^0.3.0"
      },
      "bin": {
        "access-conformance": "src/cli.js"
      },
      "engines": {
        "node": ">=18"
      }
    },
    "node_modules/@designesy/read-along": {
      "version": "0.2.3",
      "resolved": "https://registry.npmjs.org/@designesy/read-along/-/read-along-0.2.3.tgz",
      "integrity": "sha512-vpWmiy2NzykNyyIQlON28x/YpehqtXLRUniYknXFghhn8WGElDhmwjqjEfBeqFsofDu5M8WOF8RmkQVYDlQD8g==",
      "license": "MIT",
      "engines": {
        "node": ">=18"
      }
    },
    "node_modules/access-input": {
      "version": "0.4.1",
      "resolved": "https://registry.npmjs.org/access-input/-/access-input-0.4.1.tgz",
      "integrity": "sha512-74VasmbGgMPsJKOPr30Aa9ZyYGU8gwsoDfioDVPSYKp9W6Kl7YHoq678qT6Bi0IWIE6GA/HwIRBxUxY9ob3lNQ==",
      "license": "MIT",
      "engines": {
        "node": ">=18"
      }
    },
    "node_modules/neural-consent": {
      "version": "0.3.0",
      "resolved": "https://registry.npmjs.org/neural-consent/-/neural-consent-0.3.0.tgz",
      "integrity": "sha512-8hkt1j8eSt20yW1MiESDvTvGhBCRzgjzlbz8zM97EOQjrVFa1MqEynh8Ow14Z6piX3NzUzGgWc4F0d2mGgwQ0Q==",
      "license": "MIT",
      "engines": {
        "node": ">=18"
      }
    }
  }
}
